
Microsoft Visual Studio Solution File, Format Version 12.00
# Visual Studio 14
VisualStudioVersion = 14.0.25420.1
MinimumVisualStudioVersion = 10.0.40219.1
Project("{FAE04EC0-301F-11D3-BF4B-00C04F79EFBC}") = "Whats-Up", "Whats-Up\Whats-Up.csproj", "{6FECB6A4-8479-4343-B4F3-604FBDF05369}"
EndProject
Project("{FAE04EC0-301F-11D3-BF4B-00C04F79EFBC}") = "Whats-Up.Tests", "Whats-Up.Tests\Whats-Up.Tests.csproj", "{858CB558-42D5-44D5-9BAE-D532FF90528B}"
EndProject
Global
	GlobalSection(SolutionConfigurationPlatforms) = preSolution
		Debug|Any CPU = Debug|Any CPU
		Release|Any CPU = Release|Any CPU
	EndGlobalSection
	GlobalSection(ProjectConfigurationPlatforms) = postSolution
		{6FECB6A4-8479-4343-B4F3-604FBDF05369}.Debug|Any CPU.ActiveCfg = Debug|Any CPU
		{6FECB6A4-8479-4343-B4F3-604FBDF05369}.Debug|Any CPU.Build.0 = Debug|Any CPU
		{6FECB6A4-8479-4343-B4F3-604FBDF05369}.Release|Any CPU.ActiveCfg = Release|Any CPU
		{6FECB6A4-8479-4343-B4F3-604FBDF05369}.Release|Any CPU.Build.0 = Release|Any CPU
		{858CB558-42D5-44D5-9BAE-D532FF90528B}.Debug|Any CPU.ActiveCfg = Debug|Any CPU
		{858CB558-42D5-44D5-9BAE-D532FF90528B}.Debug|Any CPU.Build.0 = Debug|Any CPU
		{858CB558-42D5-44D5-9BAE-D532FF90528B}.Release|Any CPU.ActiveCfg = Release|Any CPU
		{858CB558-42D5-44D5-9BAE-D532FF90528B}.Release|Any CPU.Build.0 = Release|Any CPU
	EndGlobalSection
	GlobalSection(SolutionProperties) = preSolution
		HideSolutionNode = FALSE
	EndGlobalSection
EndGlobal
